// !$*UTF8*$!
{
	archiveVersion = 1;
	classes = {
	};
	objectVersion = 48;
	objects = {

/* Begin PBXBuildFile section */
		10FBD0E569363C8685BEB322 /* Pods_Podcast.framework in Frameworks */ = {isa = PBXBuildFile; fileRef = 192B104F3F5FCB585A5B6FB3 /* Pods_Podcast.framework */; };
		67213DC52056C49100009DB5 /* EpisodesController.swift in Sources */ = {isa = PBXBuildFile; fileRef = 67213DC42056C49100009DB5 /* EpisodesController.swift */; };
		673BC0CC2056B09500B9F4B5 /* APIService.swift in Sources */ = {isa = PBXBuildFile; fileRef = 673BC0CB2056B09500B9F4B5 /* APIService.swift */; };
		673BC0D12056B77200B9F4B5 /* PodcastCell.swift in Sources */ = {isa = PBXBuildFile; fileRef = 673BC0D02056B77200B9F4B5 /* PodcastCell.swift */; };
		673BC0D32056B96A00B9F4B5 /* PodcastCell.xib in Resources */ = {isa = PBXBuildFile; fileRef = 673BC0D22056B96A00B9F4B5 /* PodcastCell.xib */; };
		67A3D7272059EC5B00EF269E /* CMTime.swift in Sources */ = {isa = PBXBuildFile; fileRef = 67A3D7262059EC5B00EF269E /* CMTime.swift */; };
		67A3D7292059FC2600EF269E /* Debouncer.swift in Sources */ = {isa = PBXBuildFile; fileRef = 67A3D7282059FC2600EF269E /* Debouncer.swift */; };
		67A3D72B2059FD4300EF269E /* PodcastsSearchingView.xib in Resources */ = {isa = PBXBuildFile; fileRef = 67A3D72A2059FD4300EF269E /* PodcastsSearchingView.xib */; };
		67ECD0EF2057EB03005633D0 /* Episode.swift in Sources */ = {isa = PBXBuildFile; fileRef = 67ECD0EE2057EB03005633D0 /* Episode.swift */; };
		67ECD0F22057EBA8005633D0 /* EpisodeCell.swift in Sources */ = {isa = PBXBuildFile; fileRef = 67ECD0F02057EBA8005633D0 /* EpisodeCell.swift */; };
		67ECD0F32057EBA8005633D0 /* EpisodeCell.xib in Resources */ = {isa = PBXBuildFile; fileRef = 67ECD0F12057EBA8005633D0 /* EpisodeCell.xib */; };
		67ECD0F62057F321005633D0 /* String.swift in Sources */ = {isa = PBXBuildFile; fileRef = 67ECD0F52057F321005633D0 /* String.swift */; };
		67ECD0F82057F3CF005633D0 /* RSSFeed.swift in Sources */ = {isa = PBXBuildFile; fileRef = 67ECD0F72057F3CF005633D0 /* RSSFeed.swift */; };
		67ECD0FA205815C2005633D0 /* PlayerDetailsView.xib in Resources */ = {isa = PBXBuildFile; fileRef = 67ECD0F9205815C2005633D0 /* PlayerDetailsView.xib */; };
		67ECD0FC205817CA005633D0 /* PlayerDetailsView.swift in Sources */ = {isa = PBXBuildFile; fileRef = 67ECD0FB205817CA005633D0 /* PlayerDetailsView.swift */; };
		67ECFBD52056944A004F6562 /* AppDelegate.swift in Sources */ = {isa = PBXBuildFile; fileRef = 67ECFBD42056944A004F6562 /* AppDelegate.swift */; };
		67ECFBD72056944A004F6562 /* ViewController.swift in Sources */ = {isa = PBXBuildFile; fileRef = 67ECFBD62056944A004F6562 /* ViewController.swift */; };
		67ECFBDA2056944A004F6562 /* Main.storyboard in Resources */ = {isa = PBXBuildFile; fileRef = 67ECFBD82056944A004F6562 /* Main.storyboard */; };
		67ECFBDC2056944A004F6562 /* Assets.xcassets in Resources */ = {isa = PBXBuildFile; fileRef = 67ECFBDB2056944A004F6562 /* Assets.xcassets */; };
		67ECFBDF2056944A004F6562 /* LaunchScreen.storyboard in Resources */ = {isa = PBXBuildFile; fileRef = 67ECFBDD2056944A004F6562 /* LaunchScreen.storyboard */; };
		67ECFBE72056950D004F6562 /* MainTabBarController.swift in Sources */ = {isa = PBXBuildFile; fileRef = 67ECFBE62056950D004F6562 /* MainTabBarController.swift */; };
		67ECFBEA20569C61004F6562 /* PodcastsSearchController.swift in Sources */ = {isa = PBXBuildFile; fileRef = 67ECFBE920569C61004F6562 /* PodcastsSearchController.swift */; };
		67ECFBED20569CEC004F6562 /* Podcast.swift in Sources */ = {isa = PBXBuildFile; fileRef = 67ECFBEC20569CEC004F6562 /* Podcast.swift */; };
/* End PBXBuildFile section */

/* Begin PBXFileReference section */
		192B104F3F5FCB585A5B6FB3 /* Pods_Podcast.framework */ = {isa = PBXFileReference; explicitFileType = wrapper.framework; includeInIndex = 0; path = Pods_Podcast.framework; sourceTree = BUILT_PRODUCTS_DIR; };
		67213DC42056C49100009DB5 /* EpisodesController.swift */ = {isa = PBXFileReference; lastKnownFileType = sourcecode.swift; path = EpisodesController.swift; sourceTree = "<group>"; };
		673BC0CB2056B09500B9F4B5 /* APIService.swift */ = {isa = PBXFileReference; lastKnownFileType = sourcecode.swift; name = APIService.swift; path = Podcast/API/APIService.swift; sourceTree = SOURCE_ROOT; };
		673BC0D02056B77200B9F4B5 /* PodcastCell.swift */ = {isa = PBXFileReference; lastKnownFileType = sourcecode.swift; path = PodcastCell.swift; sourceTree = "<group>"; };
		673BC0D22056B96A00B9F4B5 /* PodcastCell.xib */ = {isa = PBXFileReference; lastKnownFileType = file.xib; path = PodcastCell.xib; sourceTree = "<group>"; };
		67A3D7262059EC5B00EF269E /* CMTime.swift */ = {isa = PBXFileReference; lastKnownFileType = sourcecode.swift; path = CMTime.swift; sourceTree = "<group>"; };
		67A3D7282059FC2600EF269E /* Debouncer.swift */ = {isa = PBXFileReference; lastKnownFileType = sourcecode.swift; name = Debouncer.swift; path = Podcast/API/Debouncer.swift; sourceTree = SOURCE_ROOT; };
		67A3D72A2059FD4300EF269E /* PodcastsSearchingView.xib */ = {isa = PBXFileReference; fileEncoding = 4; lastKnownFileType = file.xib; path = PodcastsSearchingView.xib; sourceTree = "<group>"; };
		67ECD0EE2057EB03005633D0 /* Episode.swift */ = {isa = PBXFileReference; lastKnownFileType = sourcecode.swift; path = Episode.swift; sourceTree = "<group>"; };
		67ECD0F02057EBA8005633D0 /* EpisodeCell.swift */ = {isa = PBXFileReference; lastKnownFileType = sourcecode.swift; path = EpisodeCell.swift; sourceTree = "<group>"; };
		67ECD0F12057EBA8005633D0 /* EpisodeCell.xib */ = {isa = PBXFileReference; lastKnownFileType = file.xib; path = EpisodeCell.xib; sourceTree = "<group>"; };
		67ECD0F52057F321005633D0 /* String.swift */ = {isa = PBXFileReference; lastKnownFileType = sourcecode.swift; path = String.swift; sourceTree = "<group>"; };
		67ECD0F72057F3CF005633D0 /* RSSFeed.swift */ = {isa = PBXFileReference; lastKnownFileType = sourcecode.swift; path = RSSFeed.swift; sourceTree = "<group>"; };
		67ECD0F9205815C2005633D0 /* PlayerDetailsView.xib */ = {isa = PBXFileReference; lastKnownFileType = file.xib; path = PlayerDetailsView.xib; sourceTree = "<group>"; };
		67ECD0FB205817CA005633D0 /* PlayerDetailsView.swift */ = {isa = PBXFileReference; lastKnownFileType = sourcecode.swift; path = PlayerDetailsView.swift; sourceTree = "<group>"; };
		67ECFBD12056944A004F6562 /* Podcast.app */ = {isa = PBXFileReference; explicitFileType = wrapper.application; includeInIndex = 0; path = Podcast.app; sourceTree = BUILT_PRODUCTS_DIR; };
		67ECFBD42056944A004F6562 /* AppDelegate.swift */ = {isa = PBXFileReference; lastKnownFileType = sourcecode.swift; path = AppDelegate.swift; sourceTree = "<group>"; };
		67ECFBD62056944A004F6562 /* ViewController.swift */ = {isa = PBXFileReference; lastKnownFileType = sourcecode.swift; path = ViewController.swift; sourceTree = "<group>"; };
		67ECFBD92056944A004F6562 /* Base */ = {isa = PBXFileReference; lastKnownFileType = file.storyboard; name = Base; path = Base.lproj/Main.storyboard; sourceTree = "<group>"; };
		67ECFBDB2056944A004F6562 /* Assets.xcassets */ = {isa = PBXFileReference; lastKnownFileType = folder.assetcatalog; path = Assets.xcassets; sourceTree = "<group>"; };
		67ECFBDE2056944A004F6562 /* Base */ = {isa = PBXFileReference; lastKnownFileType = file.storyboard; name = Base; path = Base.lproj/LaunchScreen.storyboard; sourceTree = "<group>"; };
		67ECFBE02056944A004F6562 /* Info.plist */ = {isa = PBXFileReference; lastKnownFileType = text.plist.xml; path = Info.plist; sourceTree = "<group>"; };
		67ECFBE62056950D004F6562 /* MainTabBarController.swift */ = {isa = PBXFileReference; lastKnownFileType = sourcecode.swift; path = MainTabBarController.swift; sourceTree = "<group>"; };
		67ECFBE920569C61004F6562 /* PodcastsSearchController.swift */ = {isa = PBXFileReference; lastKnownFileType = sourcecode.swift; path = PodcastsSearchController.swift; sourceTree = "<group>"; };
		67ECFBEC20569CEC004F6562 /* Podcast.swift */ = {isa = PBXFileReference; lastKnownFileType = sourcecode.swift; path = Podcast.swift; sourceTree = "<group>"; };
		AEFE375DF2735871D4EB86C4 /* Pods-Podcast.release.xcconfig */ = {isa = PBXFileReference; includeInIndex = 1; lastKnownFileType = text.xcconfig; name = "Pods-Podcast.release.xcconfig"; path = "Pods/Target Support Files/Pods-Podcast/Pods-Podcast.release.xcconfig"; sourceTree = "<group>"; };
		B96461BF5F80D314E4186EBB /* Pods-Podcast.debug.xcconfig */ = {isa = PBXFileReference; includeInIndex = 1; lastKnownFileType = text.xcconfig; name = "Pods-Podcast.debug.xcconfig"; path = "Pods/Target Support Files/Pods-Podcast/Pods-Podcast.debug.xcconfig"; sourceTree = "<group>"; };
/* End PBXFileReference section */

/* Begin PBXFrameworksBuildPhase section */
		67ECFBCE2056944A004F6562 /* Frameworks */ = {
			isa = PBXFrameworksBuildPhase;
			buildActionMask = 2147483647;
			files = (
				10FBD0E569363C8685BEB322 /* Pods_Podcast.framework in Frameworks */,
			);
			runOnlyForDeploymentPostprocessing = 0;
		};
/* End PBXFrameworksBuildPhase section */

/* Begin PBXGroup section */
		673BC0CA2056B06000B9F4B5 /* API */ = {
			isa = PBXGroup;
			children = (
				673BC0CB2056B09500B9F4B5 /* APIService.swift */,
				67A3D7282059FC2600EF269E /* Debouncer.swift */,
			);
			name = API;
			path = "New Group";
			sourceTree = "<group>";
		};
		673BC0CD2056B52E00B9F4B5 /* Views */ = {
			isa = PBXGroup;
			children = (
				673BC0D02056B77200B9F4B5 /* PodcastCell.swift */,
				673BC0D22056B96A00B9F4B5 /* PodcastCell.xib */,
				67ECD0F02057EBA8005633D0 /* EpisodeCell.swift */,
				67ECD0F12057EBA8005633D0 /* EpisodeCell.xib */,
				67ECD0FB205817CA005633D0 /* PlayerDetailsView.swift */,
				67ECD0F9205815C2005633D0 /* PlayerDetailsView.xib */,
				67A3D72A2059FD4300EF269E /* PodcastsSearchingView.xib */,
			);
			path = Views;
			sourceTree = "<group>";
		};
		67ECD0F42057F2F8005633D0 /* Extensions */ = {
			isa = PBXGroup;
			children = (
				67ECD0F52057F321005633D0 /* String.swift */,
				67ECD0F72057F3CF005633D0 /* RSSFeed.swift */,
				67A3D7262059EC5B00EF269E /* CMTime.swift */,
			);
			path = Extensions;
			sourceTree = "<group>";
		};
		67ECFBC82056944A004F6562 = {
			isa = PBXGroup;
			children = (
				67ECFBD32056944A004F6562 /* Podcast */,
				67ECFBD22056944A004F6562 /* Products */,
				C5F188CC7F5429D0CB477412 /* Pods */,
				9302AD70D2229F0DAD317823 /* Frameworks */,
			);
			sourceTree = "<group>";
		};
		67ECFBD22056944A004F6562 /* Products */ = {
			isa = PBXGroup;
			children = (
				67ECFBD12056944A004F6562 /* Podcast.app */,
			);
			name = Products;
			sourceTree = "<group>";
		};
		67ECFBD32056944A004F6562 /* Podcast */ = {
			isa = PBXGroup;
			children = (
				67ECD0F42057F2F8005633D0 /* Extensions */,
				673BC0CA2056B06000B9F4B5 /* API */,
				67ECFBEB20569CD7004F6562 /* Models */,
				673BC0CD2056B52E00B9F4B5 /* Views */,
				67ECFBE820569C4B004F6562 /* Controllers */,
				67ECFBD42056944A004F6562 /* AppDelegate.swift */,
				67ECFBD62056944A004F6562 /* ViewController.swift */,
				67ECFBD82056944A004F6562 /* Main.storyboard */,
				67ECFBDB2056944A004F6562 /* Assets.xcassets */,
				67ECFBDD2056944A004F6562 /* LaunchScreen.storyboard */,
				67ECFBE02056944A004F6562 /* Info.plist */,
				67ECFBE62056950D004F6562 /* MainTabBarController.swift */,
			);
			path = Podcast;
			sourceTree = "<group>";
		};
		67ECFBE820569C4B004F6562 /* Controllers */ = {
			isa = PBXGroup;
			children = (
				67ECFBE920569C61004F6562 /* PodcastsSearchController.swift */,
				67213DC42056C49100009DB5 /* EpisodesController.swift */,
			);
			path = Controllers;
			sourceTree = "<group>";
		};
		67ECFBEB20569CD7004F6562 /* Models */ = {
			isa = PBXGroup;
			children = (
				67ECFBEC20569CEC004F6562 /* Podcast.swift */,
				67ECD0EE2057EB03005633D0 /* Episode.swift */,
			);
			path = Models;
			sourceTree = "<group>";
		};
		9302AD70D2229F0DAD317823 /* Frameworks */ = {
			isa = PBXGroup;
			children = (
				192B104F3F5FCB585A5B6FB3 /* Pods_Podcast.framework */,
			);
			name = Frameworks;
			sourceTree = "<group>";
		};
		C5F188CC7F5429D0CB477412 /* Pods */ = {
			isa = PBXGroup;
			children = (
				B96461BF5F80D314E4186EBB /* Pods-Podcast.debug.xcconfig */,
				AEFE375DF2735871D4EB86C4 /* Pods-Podcast.release.xcconfig */,
			);
			name = Pods;
			sourceTree = "<group>";
		};
/* End PBXGroup section */

/* Begin PBXNativeTarget section */
		67ECFBD02056944A004F6562 /* Podcast */ = {
			isa = PBXNativeTarget;
			buildConfigurationList = 67ECFBE32056944A004F6562 /* Build configuration list for PBXNativeTarget "Podcast" */;
			buildPhases = (
				76254309D5380F6B297DFA06 /* [CP] Check Pods Manifest.lock */,
				67ECFBCD2056944A004F6562 /* Sources */,
				67ECFBCE2056944A004F6562 /* Frameworks */,
				67ECFBCF2056944A004F6562 /* Resources */,
				E474889568AA2B4DAA756B4C /* [CP] Embed Pods Frameworks */,
				5C48DBE1CD9C98C31E1C9068 /* [CP] Copy Pods Resources */,
			);
			buildRules = (
			);
			dependencies = (
			);
			name = Podcast;
			productName = Podcast;
			productReference = 67ECFBD12056944A004F6562 /* Podcast.app */;
			productType = "com.apple.product-type.application";
		};
/* End PBXNativeTarget section */

/* Begin PBXProject section */
		67ECFBC92056944A004F6562 /* Project object */ = {
			isa = PBXProject;
			attributes = {
				LastSwiftUpdateCheck = 0920;
				LastUpgradeCheck = 0920;
				ORGANIZATIONNAME = "Leonardo Modro";
				TargetAttributes = {
					67ECFBD02056944A004F6562 = {
						CreatedOnToolsVersion = 9.2;
						ProvisioningStyle = Automatic;
					};
				};
			};
			buildConfigurationList = 67ECFBCC2056944A004F6562 /* Build configuration list for PBXProject "Podcast" */;
			compatibilityVersion = "Xcode 8.0";
			developmentRegion = en;
			hasScannedForEncodings = 0;
			knownRegions = (
				en,
				Base,
			);
			mainGroup = 67ECFBC82056944A004F6562;
			productRefGroup = 67ECFBD22056944A004F6562 /* Products */;
			projectDirPath = "";
			projectRoot = "";
			targets = (
				67ECFBD02056944A004F6562 /* Podcast */,
			);
		};
/* End PBXProject section */

/* Begin PBXResourcesBuildPhase section */
		67ECFBCF2056944A004F6562 /* Resources */ = {
			isa = PBXResourcesBuildPhase;
			buildActionMask = 2147483647;
			files = (
				67ECD0FA205815C2005633D0 /* PlayerDetailsView.xib in Resources */,
				67ECFBDF2056944A004F6562 /* LaunchScreen.storyboard in Resources */,
				67A3D72B2059FD4300EF269E /* PodcastsSearchingView.xib in Resources */,
				67ECFBDC2056944A004F6562 /* Assets.xcassets in Resources */,
				67ECD0F32057EBA8005633D0 /* EpisodeCell.xib in Resources */,
				673BC0D32056B96A00B9F4B5 /* PodcastCell.xib in Resources */,
				67ECFBDA2056944A004F6562 /* Main.storyboard in Resources */,
			);
			runOnlyForDeploymentPostprocessing = 0;
		};
/* End PBXResourcesBuildPhase section */

/* Begin PBXShellScriptBuildPhase section */
		5C48DBE1CD9C98C31E1C9068 /* [CP] Copy Pods Resources */ = {
			isa = PBXShellScriptBuildPhase;
			buildActionMask = 2147483647;
			files = (
			);
			inputPaths = (
			);
			name = "[CP] Copy Pods Resources";
			outputPaths = (
			);
			runOnlyForDeploymentPostprocessing = 0;
			shellPath = /bin/sh;
			shellScript = "\"${SRCROOT}/Pods/Target Support Files/Pods-Podcast/Pods-Podcast-resources.sh\"\n";
			showEnvVarsInLog = 0;
		};
		76254309D5380F6B297DFA06 /* [CP] Check Pods Manifest.lock */ = {
			isa = PBXShellScriptBuildPhase;
			buildActionMask = 2147483647;
			files = (
			);
			inputPaths = (
				"${PODS_PODFILE_DIR_PATH}/Podfile.lock",
				"${PODS_ROOT}/Manifest.lock",
			);
			name = "[CP] Check Pods Manifest.lock";
			outputPaths = (
				"$(DERIVED_FILE_DIR)/Pods-Podcast-checkManifestLockResult.txt",
			);
			runOnlyForDeploymentPostprocessing = 0;
			shellPath = /bin/sh;
			shellScript = "diff \"${PODS_PODFILE_DIR_PATH}/Podfile.lock\" \"${PODS_ROOT}/Manifest.lock\" > /dev/null\nif [ $? != 0 ] ; then\n    # print error to STDERR\n    echo \"error: The sandbox is not in sync with the Podfile.lock. Run 'pod install' or update your CocoaPods installation.\" >&2\n    exit 1\nfi\n# This output is used by Xcode 'outputs' to avoid re-running this script phase.\necho \"SUCCESS\" > \"${SCRIPT_OUTPUT_FILE_0}\"\n";
			showEnvVarsInLog = 0;
		};
		E474889568AA2B4DAA756B4C /* [CP] Embed Pods Frameworks */ = {
			isa = PBXShellScriptBuildPhase;
			buildActionMask = 2147483647;
			files = (
			);
			inputPaths = (
				"${SRCROOT}/Pods/Target Support Files/Pods-Podcast/Pods-Podcast-frameworks.sh",
				"${BUILT_PRODUCTS_DIR}/Alamofire/Alamofire.framework",
				"${BUILT_PRODUCTS_DIR}/FeedKit/FeedKit.framework",
				"${BUILT_PRODUCTS_DIR}/SDWebImage/SDWebImage.framework",
			);
			name = "[CP] Embed Pods Frameworks";
			outputPaths = (
				"${TARGET_BUILD_DIR}/${FRAMEWORKS_FOLDER_PATH}/Alamofire.framework",
				"${TARGET_BUILD_DIR}/${FRAMEWORKS_FOLDER_PATH}/FeedKit.framework",
				"${TARGET_BUILD_DIR}/${FRAMEWORKS_FOLDER_PATH}/SDWebImage.framework",
			);
			runOnlyForDeploymentPostprocessing = 0;
			shellPath = /bin/sh;
			shellScript = "\"${SRCROOT}/Pods/Target Support Files/Pods-Podcast/Pods-Podcast-frameworks.sh\"\n";
			showEnvVarsInLog = 0;
		};
/* End PBXShellScriptBuildPhase section */

/* Begin PBXSourcesBuildPhase section */
		67ECFBCD2056944A004F6562 /* Sources */ = {
			isa = PBXSourcesBuildPhase;
			buildActionMask = 2147483647;
			files = (
				67ECD0F82057F3CF005633D0 /* RSSFeed.swift in Sources */,
				67ECD0FC205817CA005633D0 /* PlayerDetailsView.swift in Sources */,
				67ECFBEA20569C61004F6562 /* PodcastsSearchController.swift in Sources */,
				67ECD0F62057F321005633D0 /* String.swift in Sources */,
				67A3D7272059EC5B00EF269E /* CMTime.swift in Sources */,
				67ECFBD72056944A004F6562 /* ViewController.swift in Sources */,
				67ECFBD52056944A004F6562 /* AppDelegate.swift in Sources */,
				67213DC52056C49100009DB5 /* EpisodesController.swift in Sources */,
				67A3D7292059FC2600EF269E /* Debouncer.swift in Sources */,
				67ECFBE72056950D004F6562 /* MainTabBarController.swift in Sources */,
				67ECD0F22057EBA8005633D0 /* EpisodeCell.swift in Sources */,
				673BC0CC2056B09500B9F4B5 /* APIService.swift in Sources */,
				67ECFBED20569CEC004F6562 /* Podcast.swift in Sources */,
				67ECD0EF2057EB03005633D0 /* Episode.swift in Sources */,
				673BC0D12056B77200B9F4B5 /* PodcastCell.swift in Sources */,
			);
			runOnlyForDeploymentPostprocessing = 0;
		};
/* End PBXSourcesBuildPhase section */

/* Begin PBXVariantGroup section */
		67ECFBD82056944A004F6562 /* Main.storyboard */ = {
			isa = PBXVariantGroup;
			children = (
				67ECFBD92056944A004F6562 /* Base */,
			);
			name = Main.storyboard;
			sourceTree = "<group>";
		};
		67ECFBDD2056944A004F6562 /* LaunchScreen.storyboard */ = {
			isa = PBXVariantGroup;
			children = (
				67ECFBDE2056944A004F6562 /* Base */,
			);
			name = LaunchScreen.storyboard;
			sourceTree = "<group>";
		};
/* End PBXVariantGroup section */

/* Begin XCBuildConfiguration section */
		67ECFBE12056944A004F6562 /* Debug */ = {
			isa = XCBuildConfiguration;
			buildSettings = {
				ALWAYS_SEARCH_USER_PATHS = NO;
				CLANG_ANALYZER_NONNULL = YES;
				CLANG_ANALYZER_NUMBER_OBJECT_CONVERSION = YES_AGGRESSIVE;
				CLANG_CXX_LANGUAGE_STANDARD = "gnu++14";
				CLANG_CXX_LIBRARY = "libc++";
				CLANG_ENABLE_MODULES = YES;
				CLANG_ENABLE_OBJC_ARC = YES;
				CLANG_WARN_BLOCK_CAPTURE_AUTORELEASING = YES;
				CLANG_WARN_BOOL_CONVERSION = YES;
				CLANG_WARN_COMMA = YES;
				CLANG_WARN_CONSTANT_CONVERSION = YES;
				CLANG_WARN_DIRECT_OBJC_ISA_USAGE = YES_ERROR;
				CLANG_WARN_DOCUMENTATION_COMMENTS = YES;
				CLANG_WARN_EMPTY_BODY = YES;
				CLANG_WARN_ENUM_CONVERSION = YES;
				CLANG_WARN_INFINITE_RECURSION = YES;
				CLANG_WARN_INT_CONVERSION = YES;
				CLANG_WARN_NON_LITERAL_NULL_CONVERSION = YES;
				CLANG_WARN_OBJC_LITERAL_CONVERSION = YES;
				CLANG_WARN_OBJC_ROOT_CLASS = YES_ERROR;
				CLANG_WARN_RANGE_LOOP_ANALYSIS = YES;
				CLANG_WARN_STRICT_PROTOTYPES = YES;
				CLANG_WARN_SUSPICIOUS_MOVE = YES;
				CLANG_WARN_UNGUARDED_AVAILABILITY = YES_AGGRESSIVE;
				CLANG_WARN_UNREACHABLE_CODE = YES;
				CLANG_WARN__DUPLICATE_METHOD_MATCH = YES;
				CODE_SIGN_IDENTITY = "iPhone Developer";
				COPY_PHASE_STRIP = NO;
				DEBUG_INFORMATION_FORMAT = dwarf;
				ENABLE_STRICT_OBJC_MSGSEND = YES;
				ENABLE_TESTABILITY = YES;
				GCC_C_LANGUAGE_STANDARD = gnu11;
				GCC_DYNAMIC_NO_PIC = NO;
				GCC_NO_COMMON_BLOCKS = YES;
				GCC_OPTIMIZATION_LEVEL = 0;
				GCC_PREPROCESSOR_DEFINITIONS = (
					"DEBUG=1",
					"$(inherited)",
				);
				GCC_WARN_64_TO_32_BIT_CONVERSION = YES;
				GCC_WARN_ABOUT_RETURN_TYPE = YES_ERROR;
				GCC_WARN_UNDECLARED_SELECTOR = YES;
				GCC_WARN_UNINITIALIZED_AUTOS = YES_AGGRESSIVE;
				GCC_WARN_UNUSED_FUNCTION = YES;
				GCC_WARN_UNUSED_VARIABLE = YES;
				IPHONEOS_DEPLOYMENT_TARGET = 11.2;
				MTL_ENABLE_DEBUG_INFO = YES;
				ONLY_ACTIVE_ARCH = YES;
				SDKROOT = iphoneos;
				SWIFT_ACTIVE_COMPILATION_CONDITIONS = DEBUG;
				SWIFT_OPTIMIZATION_LEVEL = "-Onone";
			};
			name = Debug;
		};
		67ECFBE22056944A004F6562 /* Release */ = {
			isa = XCBuildConfiguration;
			buildSettings = {
				ALWAYS_SEARCH_USER_PATHS = NO;
				CLANG_ANALYZER_NONNULL = YES;
				CLANG_ANALYZER_NUMBER_OBJECT_CONVERSION = YES_AGGRESSIVE;
				CLANG_CXX_LANGUAGE_STANDARD = "gnu++14";
				CLANG_CXX_LIBRARY = "libc++";
				CLANG_ENABLE_MODULES = YES;
				CLANG_ENABLE_OBJC_ARC = YES;
				CLANG_WARN_BLOCK_CAPTURE_AUTORELEASING = YES;
				CLANG_WARN_BOOL_CONVERSION = YES;
				CLANG_WARN_COMMA = YES;
				CLANG_WARN_CONSTANT_CONVERSION = YES;
				CLANG_WARN_DIRECT_OBJC_ISA_USAGE = YES_ERROR;
				CLANG_WARN_DOCUMENTATION_COMMENTS = YES;
				CLANG_WARN_EMPTY_BODY = YES;
				CLANG_WARN_ENUM_CONVERSION = YES;
				CLANG_WARN_INFINITE_RECURSION = YES;
				CLANG_WARN_INT_CONVERSION = YES;
				CLANG_WARN_NON_LITERAL_NULL_CONVERSION = YES;
				CLANG_WARN_OBJC_LITERAL_CONVERSION = YES;
				CLANG_WARN_OBJC_ROOT_CLASS = YES_ERROR;
				CLANG_WARN_RANGE_LOOP_ANALYSIS = YES;
				CLANG_WARN_STRICT_PROTOTYPES = YES;
				CLANG_WARN_SUSPICIOUS_MOVE = YES;
				CLANG_WARN_UNGUARDED_AVAILABILITY = YES_AGGRESSIVE;
				CLANG_WARN_UNREACHABLE_CODE = YES;
				CLANG_WARN__DUPLICATE_METHOD_MATCH = YES;
				CODE_SIGN_IDENTITY = "iPhone Developer";
				COPY_PHASE_STRIP = NO;
				DEBUG_INFORMATION_FORMAT = "dwarf-with-dsym";
				ENABLE_NS_ASSERTIONS = NO;
				ENABLE_STRICT_OBJC_MSGSEND = YES;
				GCC_C_LANGUAGE_STANDARD = gnu11;
				GCC_NO_COMMON_BLOCKS = YES;
				GCC_WARN_64_TO_32_BIT_CONVERSION = YES;
				GCC_WARN_ABOUT_RETURN_TYPE = YES_ERROR;
				GCC_WARN_UNDECLARED_SELECTOR = YES;
				GCC_WARN_UNINITIALIZED_AUTOS = YES_AGGRESSIVE;
				GCC_WARN_UNUSED_FUNCTION = YES;
				GCC_WARN_UNUSED_VARIABLE = YES;
				IPHONEOS_DEPLOYMENT_TARGET = 11.2;
				MTL_ENABLE_DEBUG_INFO = NO;
				SDKROOT = iphoneos;
				SWIFT_OPTIMIZATION_LEVEL = "-Owholemodule";
				VALIDATE_PRODUCT = YES;
			};
			name = Release;
		};
		67ECFBE42056944A004F6562 /* Debug */ = {
			isa = XCBuildConfiguration;
			baseConfigurationReference = B96461BF5F80D314E4186EBB /* Pods-Podcast.debug.xcconfig */;
			buildSettings = {
				ASSETCATALOG_COMPILER_APPICON_NAME = AppIcon;
				CODE_SIGN_STYLE = Automatic;
				DEVELOPMENT_TEAM = TV797S35W5;
				INFOPLIST_FILE = Podcast/Info.plist;
				LD_RUNPATH_SEARCH_PATHS = "$(inherited) @executable_path/Frameworks";
				PRODUCT_BUNDLE_IDENTIFIER = com.leomodro.Podcast;
				PRODUCT_NAME = "$(TARGET_NAME)";
				SWIFT_VERSION = 4.0;
				TARGETED_DEVICE_FAMILY = "1,2";
			};
			name = Debug;
		};
		67ECFBE52056944A004F6562 /* Release */ = {
			isa = XCBuildConfiguration;
			baseConfigurationReference = AEFE375DF2735871D4EB86C4 /* Pods-Podcast.release.xcconfig */;
			buildSettings = {
				ASSETCATALOG_COMPILER_APPICON_NAME = AppIcon;
				CODE_SIGN_STYLE = Automatic;
				DEVELOPMENT_TEAM = TV797S35W5;
				INFOPLIST_FILE = Podcast/Info.plist;
				LD_RUNPATH_SEARCH_PATHS = "$(inherited) @executable_path/Frameworks";
				PRODUCT_BUNDLE_IDENTIFIER = com.leomodro.Podcast;
				PRODUCT_NAME = "$(TARGET_NAME)";
				SWIFT_VERSION = 4.0;
				TARGETED_DEVICE_FAMILY = "1,2";
			};
			name = Release;
		};
/* End XCBuildConfiguration section */

/* Begin XCConfigurationList section */
		67ECFBCC2056944A004F6562 /* Build configuration list for PBXProject "Podcast" */ = {
			isa = XCConfigurationList;
			buildConfigurations = (
				67ECFBE12056944A004F6562 /* Debug */,
				67ECFBE22056944A004F6562 /* Release */,
			);
			defaultConfigurationIsVisible = 0;
			defaultConfigurationName = Release;
		};
		67ECFBE32056944A004F6562 /* Build configuration list for PBXNativeTarget "Podcast" */ = {
			isa = XCConfigurationList;
			buildConfigurations = (
				67ECFBE42056944A004F6562 /* Debug */,
				67ECFBE52056944A004F6562 /* Release */,
			);
			defaultConfigurationIsVisible = 0;
			defaultConfigurationName = Release;
		};
/* End XCConfigurationList section */
	};
	rootObject = 67ECFBC92056944A004F6562 /* Project object */;
}
